
Microsoft Visual Studio Solution File, Format Version 12.00
# Visual Studio 15
VisualStudioVersion = 15.0.27703.2026
MinimumVisualStudioVersion = 10.0.40219.1
Project("{FAE04EC0-301F-11D3-BF4B-00C04F79EFBC}") = "TestPlugin", "src\TestPlugin\TestPlugin.csproj", "{14B2DA69-1DD3-482D-8D95-1722DBCE46F3}"
EndProject
Project("{FAE04EC0-301F-11D3-BF4B-00C04F79EFBC}") = "LockOnPluginKK", "src\LockOnPlugin\LockOnPluginKK.csproj", "{D6A01FB7-318E-4FA6-BB4D-F8D2A58B9F84}"
EndProject
Project("{FAE04EC0-301F-11D3-BF4B-00C04F79EFBC}") = "TogglePOVKK", "src\TogglePOVKK\TogglePOVKK.csproj", "{45ED5EB2-9F9B-4F43-B885-CA0695C8F40F}"
EndProject
Project("{FAE04EC0-301F-11D3-BF4B-00C04F79EFBC}") = "UnlockHPositions", "src\UnlockHPositions\UnlockHPositions.csproj", "{476E4113-AF49-45E0-9CDD-1D76EE51FA24}"
EndProject
Project("{FAE04EC0-301F-11D3-BF4B-00C04F79EFBC}") = "StudioAddonLite", "src\StudioAddonLite\StudioAddonLite.csproj", "{921651CF-6A2C-4064-91FE-AF949CFA9A16}"
EndProject
Project("{FAE04EC0-301F-11D3-BF4B-00C04F79EFBC}") = "TitleShortcuts", "src\TitleShortcuts\TitleShortcuts.csproj", "{7609FC13-64E8-4402-A3AF-383B4A7779BD}"
EndProject
Project("{FAE04EC0-301F-11D3-BF4B-00C04F79EFBC}") = "DefaultParamEditor", "src\DefaultParamEditor\DefaultParamEditor.csproj", "{5C371D71-E8A8-43ED-B913-FB7F9835AE3D}"
EndProject
Project("{FAE04EC0-301F-11D3-BF4B-00C04F79EFBC}") = "GraphicsSettings", "src\GraphicsSettings\GraphicsSettings.csproj", "{F8367DD1-BD2D-4D2E-9C47-5852D17125E6}"
EndProject
Project("{FAE04EC0-301F-11D3-BF4B-00C04F79EFBC}") = "MakerBridge", "src\MakerBridge\MakerBridge.csproj", "{A6DBDBD8-29BC-47FD-B392-0E0460012C1D}"
EndProject
Project("{2150E333-8FDC-42A3-9474-1A3956D46DE8}") = "SolutionFiles", "SolutionFiles", "{4A05B99A-D26F-444E-BA33-8B368140B368}"
	ProjectSection(SolutionItems) = preProject
		.gitignore = .gitignore
		BuildRelease.bat = BuildRelease.bat
		src\BuildSettings.props = src\BuildSettings.props
		README.md = README.md
	EndProjectSection
EndProject
Project("{FAE04EC0-301F-11D3-BF4B-00C04F79EFBC}") = "CharaStateX", "src\CharaStateX\CharaStateX.csproj", "{5A84955A-E776-4E75-AA19-7D764A8C0554}"
EndProject
Project("{D954291E-2A0B-460D-934E-DC6B0785DB48}") = "UILib", "src\UILib\UILib.shproj", "{044C35DB-98CA-4A9F-905D-93B61C8057A1}"
EndProject
Project("{FAE04EC0-301F-11D3-BF4B-00C04F79EFBC}") = "BlendShaper", "src\BlendShaper\BlendShaper.csproj", "{158B291D-305B-4AFE-BCE7-6A3A229AB7AE}"
EndProject
Project("{FAE04EC0-301F-11D3-BF4B-00C04F79EFBC}") = "PosePng", "src\PosePng\PosePng.csproj", "{E128A6BD-7BF1-4CF6-A4E5-6EDB86D6E963}"
EndProject
Project("{FAE04EC0-301F-11D3-BF4B-00C04F79EFBC}") = "StudioUX", "src\StudioUX\StudioUX.csproj", "{E6630C43-A642-4485-B69E-792414CE85CA}"
EndProject
Project("{FAE04EC0-301F-11D3-BF4B-00C04F79EFBC}") = "FreeHControl", "src\FreeHControl\FreeHControl.csproj", "{0358B313-1F18-4A67-BC4E-2C8E7F0B1BC0}"
EndProject
Project("{FAE04EC0-301F-11D3-BF4B-00C04F79EFBC}") = "RealPov", "src\RealPov\RealPov.csproj", "{E9B05374-8972-4D23-AE9F-EB01F3346EF7}"
EndProject
Project("{FAE04EC0-301F-11D3-BF4B-00C04F79EFBC}") = "HideAllUI", "src\HideAllUI\HideAllUI.csproj", "{B141F3CD-B048-42FD-B039-E3EA6CD9EED7}"
EndProject
Project("{D954291E-2A0B-460D-934E-DC6B0785DB48}") = "SharedPluginCode", "src\SharedPluginCode\SharedPluginCode.shproj", "{FBAEED86-37C9-4932-99F6-926FC82047AD}"
EndProject
Project("{2150E333-8FDC-42A3-9474-1A3956D46DE8}") = "SharedProjects", "SharedProjects", "{AACAE72F-60D9-4DCE-A92C-FBB2705AC4A3}"
EndProject
Project("{D954291E-2A0B-460D-934E-DC6B0785DB48}") = "HarmonyExtensionsV1", "src\HarmonyExtensionsV1\HarmonyExtensionsV1.shproj", "{B2512C34-A879-4C2A-8CC9-778A05A1FA72}"
EndProject
Project("{FAE04EC0-301F-11D3-BF4B-00C04F79EFBC}") = "ItemLayerEdit", "src\ItemLayerEdit\ItemLayerEdit.csproj", "{36426C1C-FCA2-4E21-AD35-9B93965CEE96}"
EndProject
Project("{FAE04EC0-301F-11D3-BF4B-00C04F79EFBC}") = "LightManager", "src\LightManager\LightManager.csproj", "{BF5529D8-D359-4D01-A58C-B44C82CF158A}"
EndProject
Project("{FAE04EC0-301F-11D3-BF4B-00C04F79EFBC}") = "AnimeAssAssistant", "src\AnimeAssAssistant\AnimeAssAssistant.csproj", "{7BCB2A53-6172-496B-A915-DAEC90857B8E}"
EndProject
Project("{2150E333-8FDC-42A3-9474-1A3956D46DE8}") = "Archive", "Archive", "{989129A6-1B32-43BB-A4B0-A727389E7882}"
	ProjectSection(SolutionItems) = preProject
		archive\AssetHelper.cs = archive\AssetHelper.cs
		archive\SelfieCam.cs = archive\SelfieCam.cs
		archive\ShadowRealm.cs = archive\ShadowRealm.cs
	EndProjectSection
EndProject
Global
	GlobalSection(SharedMSBuildProjectFiles) = preSolution
		src\SharedPluginCode\SharedPluginCode.projitems*{0358b313-1f18-4a67-bc4e-2c8e7f0b1bc0}*SharedItemsImports = 4
		src\UILib\UILib.projitems*{044c35db-98ca-4a9f-905d-93b61c8057a1}*SharedItemsImports = 13
		src\UILib\UILib.projitems*{14b2da69-1dd3-482d-8d95-1722dbce46f3}*SharedItemsImports = 4
		src\SharedPluginCode\SharedPluginCode.projitems*{158b291d-305b-4afe-bce7-6a3a229ab7ae}*SharedItemsImports = 4
		src\UILib\UILib.projitems*{158b291d-305b-4afe-bce7-6a3a229ab7ae}*SharedItemsImports = 4
		src\HarmonyExtensionsV1\HarmonyExtensionsV1.projitems*{36426c1c-fca2-4e21-ad35-9b93965cee96}*SharedItemsImports = 4
		src\SharedPluginCode\SharedPluginCode.projitems*{36426c1c-fca2-4e21-ad35-9b93965cee96}*SharedItemsImports = 4
		src\UILib\UILib.projitems*{36426c1c-fca2-4e21-ad35-9b93965cee96}*SharedItemsImports = 4
		src\HarmonyExtensionsV1\HarmonyExtensionsV1.projitems*{45ed5eb2-9f9b-4f43-b885-ca0695c8f40f}*SharedItemsImports = 4
		src\SharedPluginCode\SharedPluginCode.projitems*{45ed5eb2-9f9b-4f43-b885-ca0695c8f40f}*SharedItemsImports = 4
		src\SharedPluginCode\SharedPluginCode.projitems*{476e4113-af49-45e0-9cdd-1d76ee51fa24}*SharedItemsImports = 4
		src\SharedPluginCode\SharedPluginCode.projitems*{5a84955a-e776-4e75-aa19-7d764a8c0554}*SharedItemsImports = 4
		src\SharedPluginCode\SharedPluginCode.projitems*{5c371d71-e8a8-43ed-b913-fb7f9835ae3d}*SharedItemsImports = 4
		src\SharedPluginCode\SharedPluginCode.projitems*{7609fc13-64e8-4402-a3af-383b4a7779bd}*SharedItemsImports = 4
		src\SharedPluginCode\SharedPluginCode.projitems*{7bcb2a53-6172-496b-a915-daec90857b8e}*SharedItemsImports = 4
		src\SharedPluginCode\SharedPluginCode.projitems*{921651cf-6a2c-4064-91fe-af949cfa9a16}*SharedItemsImports = 4
		src\HarmonyExtensionsV1\HarmonyExtensionsV1.projitems*{b141f3cd-b048-42fd-b039-e3ea6cd9eed7}*SharedItemsImports = 4
		src\SharedPluginCode\SharedPluginCode.projitems*{b141f3cd-b048-42fd-b039-e3ea6cd9eed7}*SharedItemsImports = 4
		src\HarmonyExtensionsV1\HarmonyExtensionsV1.projitems*{b2512c34-a879-4c2a-8cc9-778a05a1fa72}*SharedItemsImports = 13
		src\HarmonyExtensionsV1\HarmonyExtensionsV1.projitems*{bf5529d8-d359-4d01-a58c-b44c82cf158a}*SharedItemsImports = 4
		src\SharedPluginCode\SharedPluginCode.projitems*{bf5529d8-d359-4d01-a58c-b44c82cf158a}*SharedItemsImports = 4
		src\UILib\UILib.projitems*{bf5529d8-d359-4d01-a58c-b44c82cf158a}*SharedItemsImports = 4
		src\HarmonyExtensionsV1\HarmonyExtensionsV1.projitems*{e128a6bd-7bf1-4cf6-a4e5-6edb86d6e963}*SharedItemsImports = 4
		src\SharedPluginCode\SharedPluginCode.projitems*{e128a6bd-7bf1-4cf6-a4e5-6edb86d6e963}*SharedItemsImports = 4
		src\SharedPluginCode\SharedPluginCode.projitems*{e6630c43-a642-4485-b69e-792414ce85ca}*SharedItemsImports = 4
		src\HarmonyExtensionsV1\HarmonyExtensionsV1.projitems*{e9b05374-8972-4d23-ae9f-eb01f3346ef7}*SharedItemsImports = 4
		src\SharedPluginCode\SharedPluginCode.projitems*{e9b05374-8972-4d23-ae9f-eb01f3346ef7}*SharedItemsImports = 4
		src\SharedPluginCode\SharedPluginCode.projitems*{fbaeed86-37c9-4932-99f6-926fc82047ad}*SharedItemsImports = 13
	EndGlobalSection
	GlobalSection(SolutionConfigurationPlatforms) = preSolution
		Debug|Any CPU = Debug|Any CPU
		Release|Any CPU = Release|Any CPU
	EndGlobalSection
	GlobalSection(ProjectConfigurationPlatforms) = postSolution
		{14B2DA69-1DD3-482D-8D95-1722DBCE46F3}.Debug|Any CPU.ActiveCfg = Debug|Any CPU
		{14B2DA69-1DD3-482D-8D95-1722DBCE46F3}.Debug|Any CPU.Build.0 = Debug|Any CPU
		{14B2DA69-1DD3-482D-8D95-1722DBCE46F3}.Release|Any CPU.ActiveCfg = Release|Any CPU
		{D6A01FB7-318E-4FA6-BB4D-F8D2A58B9F84}.Debug|Any CPU.ActiveCfg = Debug|Any CPU
		{D6A01FB7-318E-4FA6-BB4D-F8D2A58B9F84}.Debug|Any CPU.Build.0 = Debug|Any CPU
		{D6A01FB7-318E-4FA6-BB4D-F8D2A58B9F84}.Release|Any CPU.ActiveCfg = Release|Any CPU
		{D6A01FB7-318E-4FA6-BB4D-F8D2A58B9F84}.Release|Any CPU.Build.0 = Release|Any CPU
		{45ED5EB2-9F9B-4F43-B885-CA0695C8F40F}.Debug|Any CPU.ActiveCfg = Debug|Any CPU
		{45ED5EB2-9F9B-4F43-B885-CA0695C8F40F}.Debug|Any CPU.Build.0 = Debug|Any CPU
		{45ED5EB2-9F9B-4F43-B885-CA0695C8F40F}.Release|Any CPU.ActiveCfg = Release|Any CPU
		{476E4113-AF49-45E0-9CDD-1D76EE51FA24}.Debug|Any CPU.ActiveCfg = Debug|Any CPU
		{476E4113-AF49-45E0-9CDD-1D76EE51FA24}.Debug|Any CPU.Build.0 = Debug|Any CPU
		{476E4113-AF49-45E0-9CDD-1D76EE51FA24}.Release|Any CPU.ActiveCfg = Release|Any CPU
		{476E4113-AF49-45E0-9CDD-1D76EE51FA24}.Release|Any CPU.Build.0 = Release|Any CPU
		{921651CF-6A2C-4064-91FE-AF949CFA9A16}.Debug|Any CPU.ActiveCfg = Debug|Any CPU
		{921651CF-6A2C-4064-91FE-AF949CFA9A16}.Debug|Any CPU.Build.0 = Debug|Any CPU
		{921651CF-6A2C-4064-91FE-AF949CFA9A16}.Release|Any CPU.ActiveCfg = Release|Any CPU
		{7609FC13-64E8-4402-A3AF-383B4A7779BD}.Debug|Any CPU.ActiveCfg = Debug|Any CPU
		{7609FC13-64E8-4402-A3AF-383B4A7779BD}.Debug|Any CPU.Build.0 = Debug|Any CPU
		{7609FC13-64E8-4402-A3AF-383B4A7779BD}.Release|Any CPU.ActiveCfg = Release|Any CPU
		{7609FC13-64E8-4402-A3AF-383B4A7779BD}.Release|Any CPU.Build.0 = Release|Any CPU
		{5C371D71-E8A8-43ED-B913-FB7F9835AE3D}.Debug|Any CPU.ActiveCfg = Debug|Any CPU
		{5C371D71-E8A8-43ED-B913-FB7F9835AE3D}.Debug|Any CPU.Build.0 = Debug|Any CPU
		{5C371D71-E8A8-43ED-B913-FB7F9835AE3D}.Release|Any CPU.ActiveCfg = Release|Any CPU
		{5C371D71-E8A8-43ED-B913-FB7F9835AE3D}.Release|Any CPU.Build.0 = Release|Any CPU
		{F8367DD1-BD2D-4D2E-9C47-5852D17125E6}.Debug|Any CPU.ActiveCfg = Debug|Any CPU
		{F8367DD1-BD2D-4D2E-9C47-5852D17125E6}.Debug|Any CPU.Build.0 = Debug|Any CPU
		{F8367DD1-BD2D-4D2E-9C47-5852D17125E6}.Release|Any CPU.ActiveCfg = Release|Any CPU
		{F8367DD1-BD2D-4D2E-9C47-5852D17125E6}.Release|Any CPU.Build.0 = Release|Any CPU
		{A6DBDBD8-29BC-47FD-B392-0E0460012C1D}.Debug|Any CPU.ActiveCfg = Debug|Any CPU
		{A6DBDBD8-29BC-47FD-B392-0E0460012C1D}.Debug|Any CPU.Build.0 = Debug|Any CPU
		{A6DBDBD8-29BC-47FD-B392-0E0460012C1D}.Release|Any CPU.ActiveCfg = Release|Any CPU
		{A6DBDBD8-29BC-47FD-B392-0E0460012C1D}.Release|Any CPU.Build.0 = Release|Any CPU
		{5A84955A-E776-4E75-AA19-7D764A8C0554}.Debug|Any CPU.ActiveCfg = Debug|Any CPU
		{5A84955A-E776-4E75-AA19-7D764A8C0554}.Debug|Any CPU.Build.0 = Debug|Any CPU
		{5A84955A-E776-4E75-AA19-7D764A8C0554}.Release|Any CPU.ActiveCfg = Release|Any CPU
		{5A84955A-E776-4E75-AA19-7D764A8C0554}.Release|Any CPU.Build.0 = Release|Any CPU
		{158B291D-305B-4AFE-BCE7-6A3A229AB7AE}.Debug|Any CPU.ActiveCfg = Debug|Any CPU
		{158B291D-305B-4AFE-BCE7-6A3A229AB7AE}.Debug|Any CPU.Build.0 = Debug|Any CPU
		{158B291D-305B-4AFE-BCE7-6A3A229AB7AE}.Release|Any CPU.ActiveCfg = Release|Any CPU
		{E128A6BD-7BF1-4CF6-A4E5-6EDB86D6E963}.Debug|Any CPU.ActiveCfg = Debug|Any CPU
		{E128A6BD-7BF1-4CF6-A4E5-6EDB86D6E963}.Debug|Any CPU.Build.0 = Debug|Any CPU
		{E128A6BD-7BF1-4CF6-A4E5-6EDB86D6E963}.Release|Any CPU.ActiveCfg = Release|Any CPU
		{E6630C43-A642-4485-B69E-792414CE85CA}.Debug|Any CPU.ActiveCfg = Debug|Any CPU
		{E6630C43-A642-4485-B69E-792414CE85CA}.Debug|Any CPU.Build.0 = Debug|Any CPU
		{E6630C43-A642-4485-B69E-792414CE85CA}.Release|Any CPU.ActiveCfg = Release|Any CPU
		{0358B313-1F18-4A67-BC4E-2C8E7F0B1BC0}.Debug|Any CPU.ActiveCfg = Debug|Any CPU
		{0358B313-1F18-4A67-BC4E-2C8E7F0B1BC0}.Debug|Any CPU.Build.0 = Debug|Any CPU
		{0358B313-1F18-4A67-BC4E-2C8E7F0B1BC0}.Release|Any CPU.ActiveCfg = Release|Any CPU
		{E9B05374-8972-4D23-AE9F-EB01F3346EF7}.Debug|Any CPU.ActiveCfg = Debug|Any CPU
		{E9B05374-8972-4D23-AE9F-EB01F3346EF7}.Debug|Any CPU.Build.0 = Debug|Any CPU
		{E9B05374-8972-4D23-AE9F-EB01F3346EF7}.Release|Any CPU.ActiveCfg = Release|Any CPU
		{B141F3CD-B048-42FD-B039-E3EA6CD9EED7}.Debug|Any CPU.ActiveCfg = Debug|Any CPU
		{B141F3CD-B048-42FD-B039-E3EA6CD9EED7}.Debug|Any CPU.Build.0 = Debug|Any CPU
		{B141F3CD-B048-42FD-B039-E3EA6CD9EED7}.Release|Any CPU.ActiveCfg = Release|Any CPU
		{B141F3CD-B048-42FD-B039-E3EA6CD9EED7}.Release|Any CPU.Build.0 = Release|Any CPU
		{36426C1C-FCA2-4E21-AD35-9B93965CEE96}.Debug|Any CPU.ActiveCfg = Debug|Any CPU
		{36426C1C-FCA2-4E21-AD35-9B93965CEE96}.Debug|Any CPU.Build.0 = Debug|Any CPU
		{36426C1C-FCA2-4E21-AD35-9B93965CEE96}.Release|Any CPU.ActiveCfg = Release|Any CPU
		{36426C1C-FCA2-4E21-AD35-9B93965CEE96}.Release|Any CPU.Build.0 = Release|Any CPU
		{BF5529D8-D359-4D01-A58C-B44C82CF158A}.Debug|Any CPU.ActiveCfg = Debug|Any CPU
		{BF5529D8-D359-4D01-A58C-B44C82CF158A}.Debug|Any CPU.Build.0 = Debug|Any CPU
		{BF5529D8-D359-4D01-A58C-B44C82CF158A}.Release|Any CPU.ActiveCfg = Release|Any CPU
		{BF5529D8-D359-4D01-A58C-B44C82CF158A}.Release|Any CPU.Build.0 = Release|Any CPU
		{7BCB2A53-6172-496B-A915-DAEC90857B8E}.Debug|Any CPU.ActiveCfg = Debug|Any CPU
		{7BCB2A53-6172-496B-A915-DAEC90857B8E}.Debug|Any CPU.Build.0 = Debug|Any CPU
		{7BCB2A53-6172-496B-A915-DAEC90857B8E}.Release|Any CPU.ActiveCfg = Release|Any CPU
		{7BCB2A53-6172-496B-A915-DAEC90857B8E}.Release|Any CPU.Build.0 = Release|Any CPU
	EndGlobalSection
	GlobalSection(SolutionProperties) = preSolution
		HideSolutionNode = FALSE
	EndGlobalSection
	GlobalSection(NestedProjects) = preSolution
		{044C35DB-98CA-4A9F-905D-93B61C8057A1} = {AACAE72F-60D9-4DCE-A92C-FBB2705AC4A3}
		{FBAEED86-37C9-4932-99F6-926FC82047AD} = {AACAE72F-60D9-4DCE-A92C-FBB2705AC4A3}
		{B2512C34-A879-4C2A-8CC9-778A05A1FA72} = {AACAE72F-60D9-4DCE-A92C-FBB2705AC4A3}
	EndGlobalSection
	GlobalSection(ExtensibilityGlobals) = postSolution
		SolutionGuid = {20BD17DF-F863-4CE8-A095-B79F271FFA15}
	EndGlobalSection
EndGlobal
